// !$*UTF8*$!
{
	archiveVersion = 1;
	classes = {
	};
	objectVersion = 46;
	objects = {

/* Begin PBXBuildFile section */
		040CC4DD1FFD38CE0085C689 /* MainViewController.m in Sources */ = {isa = PBXBuildFile; fileRef = 040CC4DC1FFD38CE0085C689 /* MainViewController.m */; };
		042519CD207080FA002B3314 /* NSURLSession+TYCorrectedResumeData.m in Sources */ = {isa = PBXBuildFile; fileRef = 042519C3207080FA002B3314 /* NSURLSession+TYCorrectedResumeData.m */; };
		042519CE207080FA002B3314 /* TYDownLoadDataManager.m in Sources */ = {isa = PBXBuildFile; fileRef = 042519C5207080FA002B3314 /* TYDownLoadDataManager.m */; };
		042519CF207080FA002B3314 /* TYDownLoadModel.m in Sources */ = {isa = PBXBuildFile; fileRef = 042519C8207080FA002B3314 /* TYDownLoadModel.m */; };
		042519D0207080FA002B3314 /* TYDownloadSessionManager.m in Sources */ = {isa = PBXBuildFile; fileRef = 042519CA207080FA002B3314 /* TYDownloadSessionManager.m */; };
		042519D1207080FA002B3314 /* TYDownloadUtility.m in Sources */ = {isa = PBXBuildFile; fileRef = 042519CC207080FA002B3314 /* TYDownloadUtility.m */; };
		042519D820708186002B3314 /* VideoModel.m in Sources */ = {isa = PBXBuildFile; fileRef = 042519D720708186002B3314 /* VideoModel.m */; };
		042519DC207081CC002B3314 /* VideoCell.m in Sources */ = {isa = PBXBuildFile; fileRef = 042519DB207081CC002B3314 /* VideoCell.m */; };
		043FD9D0200F131800B400CF /* Tools.m in Sources */ = {isa = PBXBuildFile; fileRef = 043FD9CF200F131800B400CF /* Tools.m */; };
		043FD9D32010F9F000B400CF /* RegisterViewController.m in Sources */ = {isa = PBXBuildFile; fileRef = 043FD9D22010F9F000B400CF /* RegisterViewController.m */; };
		0466A55D2070993500028E02 /* LocalVideoController.m in Sources */ = {isa = PBXBuildFile; fileRef = 0466A55C2070993500028E02 /* LocalVideoController.m */; };
		0473A17B1FD851AA00F5C051 /* VideoController.m in Sources */ = {isa = PBXBuildFile; fileRef = 0473A17A1FD851AA00F5C051 /* VideoController.m */; };
		0473A1861FD8546A00F5C051 /* FastForwardView.m in Sources */ = {isa = PBXBuildFile; fileRef = 0473A17F1FD8546900F5C051 /* FastForwardView.m */; };
		0473A1871FD8546A00F5C051 /* FastForwardView.xib in Resources */ = {isa = PBXBuildFile; fileRef = 0473A1801FD8546900F5C051 /* FastForwardView.xib */; };
		0473A1881FD8546A00F5C051 /* WMLightView.m in Sources */ = {isa = PBXBuildFile; fileRef = 0473A1821FD8546900F5C051 /* WMLightView.m */; };
		0473A1891FD8546A00F5C051 /* WMPlayer.bundle in Resources */ = {isa = PBXBuildFile; fileRef = 0473A1831FD8546900F5C051 /* WMPlayer.bundle */; };
		0473A18A1FD8546A00F5C051 /* WMPlayer.m in Sources */ = {isa = PBXBuildFile; fileRef = 0473A1851FD8546900F5C051 /* WMPlayer.m */; };
		0473A18E1FD8549200F5C051 /* PlayerViewController.m in Sources */ = {isa = PBXBuildFile; fileRef = 0473A18D1FD8549200F5C051 /* PlayerViewController.m */; };
		0473A1A91FD855F000F5C051 /* MASCompositeConstraint.m in Sources */ = {isa = PBXBuildFile; fileRef = 0473A1911FD855F000F5C051 /* MASCompositeConstraint.m */; };
		0473A1AA1FD855F000F5C051 /* MASConstraint.m in Sources */ = {isa = PBXBuildFile; fileRef = 0473A1941FD855F000F5C051 /* MASConstraint.m */; };
		0473A1AB1FD855F000F5C051 /* MASConstraintMaker.m in Sources */ = {isa = PBXBuildFile; fileRef = 0473A1961FD855F000F5C051 /* MASConstraintMaker.m */; };
		0473A1AC1FD855F000F5C051 /* MASLayoutConstraint.m in Sources */ = {isa = PBXBuildFile; fileRef = 0473A1981FD855F000F5C051 /* MASLayoutConstraint.m */; };
		0473A1AD1FD855F000F5C051 /* MASViewAttribute.m in Sources */ = {isa = PBXBuildFile; fileRef = 0473A19C1FD855F000F5C051 /* MASViewAttribute.m */; };
		0473A1AE1FD855F000F5C051 /* MASViewConstraint.m in Sources */ = {isa = PBXBuildFile; fileRef = 0473A19E1FD855F000F5C051 /* MASViewConstraint.m */; };
		0473A1AF1FD855F000F5C051 /* NSArray+MASAdditions.m in Sources */ = {isa = PBXBuildFile; fileRef = 0473A1A01FD855F000F5C051 /* NSArray+MASAdditions.m */; };
		0473A1B01FD855F000F5C051 /* NSLayoutConstraint+MASDebugAdditions.m in Sources */ = {isa = PBXBuildFile; fileRef = 0473A1A31FD855F000F5C051 /* NSLayoutConstraint+MASDebugAdditions.m */; };
		0473A1B11FD855F000F5C051 /* View+MASAdditions.m in Sources */ = {isa = PBXBuildFile; fileRef = 0473A1A51FD855F000F5C051 /* View+MASAdditions.m */; };
		0473A1B21FD855F000F5C051 /* ViewController+MASAdditions.m in Sources */ = {isa = PBXBuildFile; fileRef = 0473A1A81FD855F000F5C051 /* ViewController+MASAdditions.m */; };
		0473A1B51FD857BF00F5C051 /* FTWebViewController.m in Sources */ = {isa = PBXBuildFile; fileRef = 0473A1B41FD857BF00F5C051 /* FTWebViewController.m */; };
		0473A1CA1FD99BB800F5C051 /* AFHTTPSessionManager.m in Sources */ = {isa = PBXBuildFile; fileRef = 0473A1BE1FD99BB700F5C051 /* AFHTTPSessionManager.m */; };
		0473A1CB1FD99BB800F5C051 /* AFNetworkReachabilityManager.m in Sources */ = {isa = PBXBuildFile; fileRef = 0473A1C11FD99BB700F5C051 /* AFNetworkReachabilityManager.m */; };
		0473A1CC1FD99BB800F5C051 /* AFSecurityPolicy.m in Sources */ = {isa = PBXBuildFile; fileRef = 0473A1C31FD99BB700F5C051 /* AFSecurityPolicy.m */; };
		0473A1CD1FD99BB800F5C051 /* AFURLRequestSerialization.m in Sources */ = {isa = PBXBuildFile; fileRef = 0473A1C51FD99BB700F5C051 /* AFURLRequestSerialization.m */; };
		0473A1CE1FD99BB800F5C051 /* AFURLResponseSerialization.m in Sources */ = {isa = PBXBuildFile; fileRef = 0473A1C71FD99BB700F5C051 /* AFURLResponseSerialization.m */; };
		0473A1CF1FD99BB800F5C051 /* AFURLSessionManager.m in Sources */ = {isa = PBXBuildFile; fileRef = 0473A1C91FD99BB700F5C051 /* AFURLSessionManager.m */; };
		0473A1D21FD99C0F00F5C051 /* FTNetAPIClient.m in Sources */ = {isa = PBXBuildFile; fileRef = 0473A1D11FD99C0E00F5C051 /* FTNetAPIClient.m */; };
		0473A1D51FD99E7600F5C051 /* UploadViewController.m in Sources */ = {isa = PBXBuildFile; fileRef = 0473A1D41FD99E7600F5C051 /* UploadViewController.m */; };
		0473A1D81FD99F2400F5C051 /* polyLine.zip in Resources */ = {isa = PBXBuildFile; fileRef = 0473A1D71FD99F2300F5C051 /* polyLine.zip */; };
		0473A1DA1FD99F9300F5C051 /* Everytime.mp4 in Resources */ = {isa = PBXBuildFile; fileRef = 0473A1D91FD99F9300F5C051 /* Everytime.mp4 */; };
		04B4CDC31FDED32A00EB3241 /* TestViewController.m in Sources */ = {isa = PBXBuildFile; fileRef = 04B4CDC21FDED32A00EB3241 /* TestViewController.m */; };
		214521111E46C669006D97B4 /* main.m in Sources */ = {isa = PBXBuildFile; fileRef = 214521101E46C669006D97B4 /* main.m */; };
		214521141E46C669006D97B4 /* AppDelegate.m in Sources */ = {isa = PBXBuildFile; fileRef = 214521131E46C669006D97B4 /* AppDelegate.m */; };
		2145211A1E46C669006D97B4 /* Main.storyboard in Resources */ = {isa = PBXBuildFile; fileRef = 214521181E46C669006D97B4 /* Main.storyboard */; };
		2145211C1E46C66B006D97B4 /* Assets.xcassets in Resources */ = {isa = PBXBuildFile; fileRef = 2145211B1E46C66B006D97B4 /* Assets.xcassets */; };
		2145211F1E46C66B006D97B4 /* LaunchScreen.storyboard in Resources */ = {isa = PBXBuildFile; fileRef = 2145211D1E46C66B006D97B4 /* LaunchScreen.storyboard */; };
		2145212A1E46C66B006D97B4 /* php_iosTests.m in Sources */ = {isa = PBXBuildFile; fileRef = 214521291E46C66B006D97B4 /* php_iosTests.m */; };
		214521351E46C66B006D97B4 /* php_iosUITests.m in Sources */ = {isa = PBXBuildFile; fileRef = 214521341E46C66B006D97B4 /* php_iosUITests.m */; };
/* End PBXBuildFile section */

/* Begin PBXContainerItemProxy section */
		214521261E46C66B006D97B4 /* PBXContainerItemProxy */ = {
			isa = PBXContainerItemProxy;
			containerPortal = 214521041E46C669006D97B4 /* Project object */;
			proxyType = 1;
			remoteGlobalIDString = 2145210B1E46C669006D97B4;
			remoteInfo = php_ios;
		};
		214521311E46C66B006D97B4 /* PBXContainerItemProxy */ = {
			isa = PBXContainerItemProxy;
			containerPortal = 214521041E46C669006D97B4 /* Project object */;
			proxyType = 1;
			remoteGlobalIDString = 2145210B1E46C669006D97B4;
			remoteInfo = php_ios;
		};
/* End PBXContainerItemProxy section */

/* Begin PBXFileReference section */
		040CC4DB1FFD38CE0085C689 /* MainViewController.h */ = {isa = PBXFileReference; lastKnownFileType = sourcecode.c.h; path = MainViewController.h; sourceTree = "<group>"; };
		040CC4DC1FFD38CE0085C689 /* MainViewController.m */ = {isa = PBXFileReference; lastKnownFileType = sourcecode.c.objc; path = MainViewController.m; sourceTree = "<group>"; };
		042519C2207080FA002B3314 /* NSURLSession+TYCorrectedResumeData.h */ = {isa = PBXFileReference; fileEncoding = 4; lastKnownFileType = sourcecode.c.h; path = "NSURLSession+TYCorrectedResumeData.h"; sourceTree = "<group>"; };
		042519C3207080FA002B3314 /* NSURLSession+TYCorrectedResumeData.m */ = {isa = PBXFileReference; fileEncoding = 4; lastKnownFileType = sourcecode.c.objc; path = "NSURLSession+TYCorrectedResumeData.m"; sourceTree = "<group>"; };
		042519C4207080FA002B3314 /* TYDownLoadDataManager.h */ = {isa = PBXFileReference; fileEncoding = 4; lastKnownFileType = sourcecode.c.h; path = TYDownLoadDataManager.h; sourceTree = "<group>"; };
		042519C5207080FA002B3314 /* TYDownLoadDataManager.m */ = {isa = PBXFileReference; fileEncoding = 4; lastKnownFileType = sourcecode.c.objc; path = TYDownLoadDataManager.m; sourceTree = "<group>"; };
		042519C6207080FA002B3314 /* TYDownloadDelegate.h */ = {isa = PBXFileReference; fileEncoding = 4; lastKnownFileType = sourcecode.c.h; path = TYDownloadDelegate.h; sourceTree = "<group>"; };
		042519C7207080FA002B3314 /* TYDownLoadModel.h */ = {isa = PBXFileReference; fileEncoding = 4; lastKnownFileType = sourcecode.c.h; path = TYDownLoadModel.h; sourceTree = "<group>"; };
		042519C8207080FA002B3314 /* TYDownLoadModel.m */ = {isa = PBXFileReference; fileEncoding = 4; lastKnownFileType = sourcecode.c.objc; path = TYDownLoadModel.m; sourceTree = "<group>"; };
		042519C9207080FA002B3314 /* TYDownloadSessionManager.h */ = {isa = PBXFileReference; fileEncoding = 4; lastKnownFileType = sourcecode.c.h; path = TYDownloadSessionManager.h; sourceTree = "<group>"; };
		042519CA207080FA002B3314 /* TYDownloadSessionManager.m */ = {isa = PBXFileReference; fileEncoding = 4; lastKnownFileType = sourcecode.c.objc; path = TYDownloadSessionManager.m; sourceTree = "<group>"; };
		042519CB207080FA002B3314 /* TYDownloadUtility.h */ = {isa = PBXFileReference; fileEncoding = 4; lastKnownFileType = sourcecode.c.h; path = TYDownloadUtility.h; sourceTree = "<group>"; };
		042519CC207080FA002B3314 /* TYDownloadUtility.m */ = {isa = PBXFileReference; fileEncoding = 4; lastKnownFileType = sourcecode.c.objc; path = TYDownloadUtility.m; sourceTree = "<group>"; };
		042519D620708186002B3314 /* VideoModel.h */ = {isa = PBXFileReference; lastKnownFileType = sourcecode.c.h; path = VideoModel.h; sourceTree = "<group>"; };
		042519D720708186002B3314 /* VideoModel.m */ = {isa = PBXFileReference; lastKnownFileType = sourcecode.c.objc; path = VideoModel.m; sourceTree = "<group>"; };
		042519DA207081CC002B3314 /* VideoCell.h */ = {isa = PBXFileReference; lastKnownFileType = sourcecode.c.h; path = VideoCell.h; sourceTree = "<group>"; };
		042519DB207081CC002B3314 /* VideoCell.m */ = {isa = PBXFileReference; lastKnownFileType = sourcecode.c.objc; path = VideoCell.m; sourceTree = "<group>"; };
		043FD9CE200F131800B400CF /* Tools.h */ = {isa = PBXFileReference; lastKnownFileType = sourcecode.c.h; path = Tools.h; sourceTree = "<group>"; };
		043FD9CF200F131800B400CF /* Tools.m */ = {isa = PBXFileReference; lastKnownFileType = sourcecode.c.objc; path = Tools.m; sourceTree = "<group>"; };
		043FD9D12010F9F000B400CF /* RegisterViewController.h */ = {isa = PBXFileReference; lastKnownFileType = sourcecode.c.h; path = RegisterViewController.h; sourceTree = "<group>"; };
		043FD9D22010F9F000B400CF /* RegisterViewController.m */ = {isa = PBXFileReference; lastKnownFileType = sourcecode.c.objc; path = RegisterViewController.m; sourceTree = "<group>"; };
		0466A55B2070993500028E02 /* LocalVideoController.h */ = {isa = PBXFileReference; lastKnownFileType = sourcecode.c.h; path = LocalVideoController.h; sourceTree = "<group>"; };
		0466A55C2070993500028E02 /* LocalVideoController.m */ = {isa = PBXFileReference; lastKnownFileType = sourcecode.c.objc; path = LocalVideoController.m; sourceTree = "<group>"; };
		0473A1791FD851AA00F5C051 /* VideoController.h */ = {isa = PBXFileReference; lastKnownFileType = sourcecode.c.h; path = VideoController.h; sourceTree = "<group>"; };
		0473A17A1FD851AA00F5C051 /* VideoController.m */ = {isa = PBXFileReference; lastKnownFileType = sourcecode.c.objc; path = VideoController.m; sourceTree = "<group>"; };
		0473A17E1FD8546900F5C051 /* FastForwardView.h */ = {isa = PBXFileReference; fileEncoding = 4; lastKnownFileType = sourcecode.c.h; path = FastForwardView.h; sourceTree = "<group>"; };
		0473A17F1FD8546900F5C051 /* FastForwardView.m */ = {isa = PBXFileReference; fileEncoding = 4; lastKnownFileType = sourcecode.c.objc; path = FastForwardView.m; sourceTree = "<group>"; };
		0473A1801FD8546900F5C051 /* FastForwardView.xib */ = {isa = PBXFileReference; fileEncoding = 4; lastKnownFileType = file.xib; path = FastForwardView.xib; sourceTree = "<group>"; };
		0473A1811FD8546900F5C051 /* WMLightView.h */ = {isa = PBXFileReference; fileEncoding = 4; lastKnownFileType = sourcecode.c.h; path = WMLightView.h; sourceTree = "<group>"; };
		0473A1821FD8546900F5C051 /* WMLightView.m */ = {isa = PBXFileReference; fileEncoding = 4; lastKnownFileType = sourcecode.c.objc; path = WMLightView.m; sourceTree = "<group>"; };
		0473A1831FD8546900F5C051 /* WMPlayer.bundle */ = {isa = PBXFileReference; lastKnownFileType = "wrapper.plug-in"; path = WMPlayer.bundle; sourceTree = "<group>"; };
		0473A1841FD8546900F5C051 /* WMPlayer.h */ = {isa = PBXFileReference; fileEncoding = 4; lastKnownFileType = sourcecode.c.h; path = WMPlayer.h; sourceTree = "<group>"; };
		0473A1851FD8546900F5C051 /* WMPlayer.m */ = {isa = PBXFileReference; fileEncoding = 4; lastKnownFileType = sourcecode.c.objc; path = WMPlayer.m; sourceTree = "<group>"; };
		0473A18C1FD8549200F5C051 /* PlayerViewController.h */ = {isa = PBXFileReference; fileEncoding = 4; lastKnownFileType = sourcecode.c.h; path = PlayerViewController.h; sourceTree = "<group>"; };
		0473A18D1FD8549200F5C051 /* PlayerViewController.m */ = {isa = PBXFileReference; fileEncoding = 4; lastKnownFileType = sourcecode.c.objc; path = PlayerViewController.m; sourceTree = "<group>"; };
		0473A1901FD855F000F5C051 /* MASCompositeConstraint.h */ = {isa = PBXFileReference; fileEncoding = 4; lastKnownFileType = sourcecode.c.h; path = MASCompositeConstraint.h; sourceTree = "<group>"; };
		0473A1911FD855F000F5C051 /* MASCompositeConstraint.m */ = {isa = PBXFileReference; fileEncoding = 4; lastKnownFileType = sourcecode.c.objc; path = MASCompositeConstraint.m; sourceTree = "<group>"; };
		0473A1921FD855F000F5C051 /* MASConstraint+Private.h */ = {isa = PBXFileReference; fileEncoding = 4; lastKnownFileType = sourcecode.c.h; path = "MASConstraint+Private.h"; sourceTree = "<group>"; };
		0473A1931FD855F000F5C051 /* MASConstraint.h */ = {isa = PBXFileReference; fileEncoding = 4; lastKnownFileType = sourcecode.c.h; path = MASConstraint.h; sourceTree = "<group>"; };
		0473A1941FD855F000F5C051 /* MASConstraint.m */ = {isa = PBXFileReference; fileEncoding = 4; lastKnownFileType = sourcecode.c.objc; path = MASConstraint.m; sourceTree = "<group>"; };
		0473A1951FD855F000F5C051 /* MASConstraintMaker.h */ = {isa = PBXFileReference; fileEncoding = 4; lastKnownFileType = sourcecode.c.h; path = MASConstraintMaker.h; sourceTree = "<group>"; };
		0473A1961FD855F000F5C051 /* MASConstraintMaker.m */ = {isa = PBXFileReference; fileEncoding = 4; lastKnownFileType = sourcecode.c.objc; path = MASConstraintMaker.m; sourceTree = "<group>"; };
		0473A1971FD855F000F5C051 /* MASLayoutConstraint.h */ = {isa = PBXFileReference; fileEncoding = 4; lastKnownFileType = sourcecode.c.h; path = MASLayoutConstraint.h; sourceTree = "<group>"; };
		0473A1981FD855F000F5C051 /* MASLayoutConstraint.m */ = {isa = PBXFileReference; fileEncoding = 4; lastKnownFileType = sourcecode.c.objc; path = MASLayoutConstraint.m; sourceTree = "<group>"; };
		0473A1991FD855F000F5C051 /* Masonry.h */ = {isa = PBXFileReference; fileEncoding = 4; lastKnownFileType = sourcecode.c.h; path = Masonry.h; sourceTree = "<group>"; };
		0473A19A1FD855F000F5C051 /* MASUtilities.h */ = {isa = PBXFileReference; fileEncoding = 4; lastKnownFileType = sourcecode.c.h; path = MASUtilities.h; sourceTree = "<group>"; };
		0473A19B1FD855F000F5C051 /* MASViewAttribute.h */ = {isa = PBXFileReference; fileEncoding = 4; lastKnownFileType = sourcecode.c.h; path = MASViewAttribute.h; sourceTree = "<group>"; };
		0473A19C1FD855F000F5C051 /* MASViewAttribute.m */ = {isa = PBXFileReference; fileEncoding = 4; lastKnownFileType = sourcecode.c.objc; path = MASViewAttribute.m; sourceTree = "<group>"; };
		0473A19D1FD855F000F5C051 /* MASViewConstraint.h */ = {isa = PBXFileReference; fileEncoding = 4; lastKnownFileType = sourcecode.c.h; path = MASViewConstraint.h; sourceTree = "<group>"; };
		0473A19E1FD855F000F5C051 /* MASViewConstraint.m */ = {isa = PBXFileReference; fileEncoding = 4; lastKnownFileType = sourcecode.c.objc; path = MASViewConstraint.m; sourceTree = "<group>"; };
		0473A19F1FD855F000F5C051 /* NSArray+MASAdditions.h */ = {isa = PBXFileReference; fileEncoding = 4; lastKnownFileType = sourcecode.c.h; path = "NSArray+MASAdditions.h"; sourceTree = "<group>"; };
		0473A1A01FD855F000F5C051 /* NSArray+MASAdditions.m */ = {isa = PBXFileReference; fileEncoding = 4; lastKnownFileType = sourcecode.c.objc; path = "NSArray+MASAdditions.m"; sourceTree = "<group>"; };
		0473A1A11FD855F000F5C051 /* NSArray+MASShorthandAdditions.h */ = {isa = PBXFileReference; fileEncoding = 4; lastKnownFileType = sourcecode.c.h; path = "NSArray+MASShorthandAdditions.h"; sourceTree = "<group>"; };
		0473A1A21FD855F000F5C051 /* NSLayoutConstraint+MASDebugAdditions.h */ = {isa = PBXFileReference; fileEncoding = 4; lastKnownFileType = sourcecode.c.h; path = "NSLayoutConstraint+MASDebugAdditions.h"; sourceTree = "<group>"; };
		0473A1A31FD855F000F5C051 /* NSLayoutConstraint+MASDebugAdditions.m */ = {isa = PBXFileReference; fileEncoding = 4; lastKnownFileType = sourcecode.c.objc; path = "NSLayoutConstraint+MASDebugAdditions.m"; sourceTree = "<group>"; };
		0473A1A41FD855F000F5C051 /* View+MASAdditions.h */ = {isa = PBXFileReference; fileEncoding = 4; lastKnownFileType = sourcecode.c.h; path = "View+MASAdditions.h"; sourceTree = "<group>"; };
		0473A1A51FD855F000F5C051 /* View+MASAdditions.m */ = {isa = PBXFileReference; fileEncoding = 4; lastKnownFileType = sourcecode.c.objc; path = "View+MASAdditions.m"; sourceTree = "<group>"; };
		0473A1A61FD855F000F5C051 /* View+MASShorthandAdditions.h */ = {isa = PBXFileReference; fileEncoding = 4; lastKnownFileType = sourcecode.c.h; path = "View+MASShorthandAdditions.h"; sourceTree = "<group>"; };
		0473A1A71FD855F000F5C051 /* ViewController+MASAdditions.h */ = {isa = PBXFileReference; fileEncoding = 4; lastKnownFileType = sourcecode.c.h; path = "ViewController+MASAdditions.h"; sourceTree = "<group>"; };
		0473A1A81FD855F000F5C051 /* ViewController+MASAdditions.m */ = {isa = PBXFileReference; fileEncoding = 4; lastKnownFileType = sourcecode.c.objc; path = "ViewController+MASAdditions.m"; sourceTree = "<group>"; };
		0473A1B31FD857BF00F5C051 /* FTWebViewController.h */ = {isa = PBXFileReference; fileEncoding = 4; lastKnownFileType = sourcecode.c.h; path = FTWebViewController.h; sourceTree = "<group>"; };
		0473A1B41FD857BF00F5C051 /* FTWebViewController.m */ = {isa = PBXFileReference; fileEncoding = 4; lastKnownFileType = sourcecode.c.objc; path = FTWebViewController.m; sourceTree = "<group>"; };
		0473A1BD1FD99BB700F5C051 /* AFHTTPSessionManager.h */ = {isa = PBXFileReference; fileEncoding = 4; lastKnownFileType = sourcecode.c.h; path = AFHTTPSessionManager.h; sourceTree = "<group>"; };
		0473A1BE1FD99BB700F5C051 /* AFHTTPSessionManager.m */ = {isa = PBXFileReference; fileEncoding = 4; lastKnownFileType = sourcecode.c.objc; path = AFHTTPSessionManager.m; sourceTree = "<group>"; };
		0473A1BF1FD99BB700F5C051 /* AFNetworking.h */ = {isa = PBXFileReference; fileEncoding = 4; lastKnownFileType = sourcecode.c.h; path = AFNetworking.h; sourceTree = "<group>"; };
		0473A1C01FD99BB700F5C051 /* AFNetworkReachabilityManager.h */ = {isa = PBXFileReference; fileEncoding = 4; lastKnownFileType = sourcecode.c.h; path = AFNetworkReachabilityManager.h; sourceTree = "<group>"; };
		0473A1C11FD99BB700F5C051 /* AFNetworkReachabilityManager.m */ = {isa = PBXFileReference; fileEncoding = 4; lastKnownFileType = sourcecode.c.objc; path = AFNetworkReachabilityManager.m; sourceTree = "<group>"; };
		0473A1C21FD99BB700F5C051 /* AFSecurityPolicy.h */ = {isa = PBXFileReference; fileEncoding = 4; lastKnownFileType = sourcecode.c.h; path = AFSecurityPolicy.h; sourceTree = "<group>"; };
		0473A1C31FD99BB700F5C051 /* AFSecurityPolicy.m */ = {isa = PBXFileReference; fileEncoding = 4; lastKnownFileType = sourcecode.c.objc; path = AFSecurityPolicy.m; sourceTree = "<group>"; };
		0473A1C41FD99BB700F5C051 /* AFURLRequestSerialization.h */ = {isa = PBXFileReference; fileEncoding = 4; lastKnownFileType = sourcecode.c.h; path = AFURLRequestSerialization.h; sourceTree = "<group>"; };
		0473A1C51FD99BB700F5C051 /* AFURLRequestSerialization.m */ = {isa = PBXFileReference; fileEncoding = 4; lastKnownFileType = sourcecode.c.objc; path = AFURLRequestSerialization.m; sourceTree = "<group>"; };
		0473A1C61FD99BB700F5C051 /* AFURLResponseSerialization.h */ = {isa = PBXFileReference; fileEncoding = 4; lastKnownFileType = sourcecode.c.h; path = AFURLResponseSerialization.h; sourceTree = "<group>"; };
		0473A1C71FD99BB700F5C051 /* AFURLResponseSerialization.m */ = {isa = PBXFileReference; fileEncoding = 4; lastKnownFileType = sourcecode.c.objc; path = AFURLResponseSerialization.m; sourceTree = "<group>"; };
		0473A1C81FD99BB700F5C051 /* AFURLSessionManager.h */ = {isa = PBXFileReference; fileEncoding = 4; lastKnownFileType = sourcecode.c.h; path = AFURLSessionManager.h; sourceTree = "<group>"; };
		0473A1C91FD99BB700F5C051 /* AFURLSessionManager.m */ = {isa = PBXFileReference; fileEncoding = 4; lastKnownFileType = sourcecode.c.objc; path = AFURLSessionManager.m; sourceTree = "<group>"; };
		0473A1D01FD99C0E00F5C051 /* FTNetAPIClient.h */ = {isa = PBXFileReference; fileEncoding = 4; lastKnownFileType = sourcecode.c.h; path = FTNetAPIClient.h; sourceTree = "<group>"; };
		0473A1D11FD99C0E00F5C051 /* FTNetAPIClient.m */ = {isa = PBXFileReference; fileEncoding = 4; lastKnownFileType = sourcecode.c.objc; path = FTNetAPIClient.m; sourceTree = "<group>"; };
		0473A1D31FD99E7600F5C051 /* UploadViewController.h */ = {isa = PBXFileReference; lastKnownFileType = sourcecode.c.h; path = UploadViewController.h; sourceTree = "<group>"; };
		0473A1D41FD99E7600F5C051 /* UploadViewController.m */ = {isa = PBXFileReference; lastKnownFileType = sourcecode.c.objc; path = UploadViewController.m; sourceTree = "<group>"; };
		0473A1D71FD99F2300F5C051 /* polyLine.zip */ = {isa = PBXFileReference; lastKnownFileType = archive.zip; path = polyLine.zip; sourceTree = "<group>"; };
		0473A1D91FD99F9300F5C051 /* Everytime.mp4 */ = {isa = PBXFileReference; lastKnownFileType = file; path = Everytime.mp4; sourceTree = "<group>"; };
		0473A1DB1FD99FD200F5C051 /* constant.h */ = {isa = PBXFileReference; lastKnownFileType = sourcecode.c.h; path = constant.h; sourceTree = "<group>"; };
		04B4CDC11FDED32A00EB3241 /* TestViewController.h */ = {isa = PBXFileReference; lastKnownFileType = sourcecode.c.h; path = TestViewController.h; sourceTree = "<group>"; };
		04B4CDC21FDED32A00EB3241 /* TestViewController.m */ = {isa = PBXFileReference; lastKnownFileType = sourcecode.c.objc; path = TestViewController.m; sourceTree = "<group>"; };
		2145210C1E46C669006D97B4 /* php_ios.app */ = {isa = PBXFileReference; explicitFileType = wrapper.application; includeInIndex = 0; path = php_ios.app; sourceTree = BUILT_PRODUCTS_DIR; };
		214521101E46C669006D97B4 /* main.m */ = {isa = PBXFileReference; lastKnownFileType = sourcecode.c.objc; path = main.m; sourceTree = "<group>"; };
		214521121E46C669006D97B4 /* AppDelegate.h */ = {isa = PBXFileReference; lastKnownFileType = sourcecode.c.h; path = AppDelegate.h; sourceTree = "<group>"; };
		214521131E46C669006D97B4 /* AppDelegate.m */ = {isa = PBXFileReference; lastKnownFileType = sourcecode.c.objc; path = AppDelegate.m; sourceTree = "<group>"; };
		214521191E46C669006D97B4 /* Base */ = {isa = PBXFileReference; lastKnownFileType = file.storyboard; name = Base; path = Base.lproj/Main.storyboard; sourceTree = "<group>"; };
		2145211B1E46C66B006D97B4 /* Assets.xcassets */ = {isa = PBXFileReference; lastKnownFileType = folder.assetcatalog; path = Assets.xcassets; sourceTree = "<group>"; };
		2145211E1E46C66B006D97B4 /* Base */ = {isa = PBXFileReference; lastKnownFileType = file.storyboard; name = Base; path = Base.lproj/LaunchScreen.storyboard; sourceTree = "<group>"; };
		214521201E46C66B006D97B4 /* Info.plist */ = {isa = PBXFileReference; lastKnownFileType = text.plist.xml; path = Info.plist; sourceTree = "<group>"; };
		214521251E46C66B006D97B4 /* php_iosTests.xctest */ = {isa = PBXFileReference; explicitFileType = wrapper.cfbundle; includeInIndex = 0; path = php_iosTests.xctest; sourceTree = BUILT_PRODUCTS_DIR; };
		214521291E46C66B006D97B4 /* php_iosTests.m */ = {isa = PBXFileReference; lastKnownFileType = sourcecode.c.objc; path = php_iosTests.m; sourceTree = "<group>"; };
		2145212B1E46C66B006D97B4 /* Info.plist */ = {isa = PBXFileReference; lastKnownFileType = text.plist.xml; path = Info.plist; sourceTree = "<group>"; };
		214521301E46C66B006D97B4 /* php_iosUITests.xctest */ = {isa = PBXFileReference; explicitFileType = wrapper.cfbundle; includeInIndex = 0; path = php_iosUITests.xctest; sourceTree = BUILT_PRODUCTS_DIR; };
		214521341E46C66B006D97B4 /* php_iosUITests.m */ = {isa = PBXFileReference; lastKnownFileType = sourcecode.c.objc; path = php_iosUITests.m; sourceTree = "<group>"; };
		214521361E46C66B006D97B4 /* Info.plist */ = {isa = PBXFileReference; lastKnownFileType = text.plist.xml; path = Info.plist; sourceTree = "<group>"; };
/* End PBXFileReference section */

/* Begin PBXFrameworksBuildPhase section */
		214521091E46C669006D97B4 /* Frameworks */ = {
			isa = PBXFrameworksBuildPhase;
			buildActionMask = 2147483647;
			files = (
			);
			runOnlyForDeploymentPostprocessing = 0;
		};
		214521221E46C66B006D97B4 /* Frameworks */ = {
			isa = PBXFrameworksBuildPhase;
			buildActionMask = 2147483647;
			files = (
			);
			runOnlyForDeploymentPostprocessing = 0;
		};
		2145212D1E46C66B006D97B4 /* Frameworks */ = {
			isa = PBXFrameworksBuildPhase;
			buildActionMask = 2147483647;
			files = (
			);
			runOnlyForDeploymentPostprocessing = 0;
		};
/* End PBXFrameworksBuildPhase section */

/* Begin PBXGroup section */
		042519C1207080FA002B3314 /* TYDownloadManager */ = {
			isa = PBXGroup;
			children = (
				042519C2207080FA002B3314 /* NSURLSession+TYCorrectedResumeData.h */,
				042519C3207080FA002B3314 /* NSURLSession+TYCorrectedResumeData.m */,
				042519C4207080FA002B3314 /* TYDownLoadDataManager.h */,
				042519C5207080FA002B3314 /* TYDownLoadDataManager.m */,
				042519C6207080FA002B3314 /* TYDownloadDelegate.h */,
				042519C7207080FA002B3314 /* TYDownLoadModel.h */,
				042519C8207080FA002B3314 /* TYDownLoadModel.m */,
				042519C9207080FA002B3314 /* TYDownloadSessionManager.h */,
				042519CA207080FA002B3314 /* TYDownloadSessionManager.m */,
				042519CB207080FA002B3314 /* TYDownloadUtility.h */,
				042519CC207080FA002B3314 /* TYDownloadUtility.m */,
			);
			path = TYDownloadManager;
			sourceTree = "<group>";
		};
		042519D22070813F002B3314 /* model */ = {
			isa = PBXGroup;
			children = (
				042519D620708186002B3314 /* VideoModel.h */,
				042519D720708186002B3314 /* VideoModel.m */,
			);
			path = model;
			sourceTree = "<group>";
		};
		042519D9207081A4002B3314 /* VIews */ = {
			isa = PBXGroup;
			children = (
				042519DA207081CC002B3314 /* VideoCell.h */,
				042519DB207081CC002B3314 /* VideoCell.m */,
			);
			path = VIews;
			sourceTree = "<group>";
		};
		0473A17C1FD8546900F5C051 /* WMPlayer */ = {
			isa = PBXGroup;
			children = (
				0473A17D1FD8546900F5C051 /* View */,
				0473A1831FD8546900F5C051 /* WMPlayer.bundle */,
				0473A1841FD8546900F5C051 /* WMPlayer.h */,
				0473A1851FD8546900F5C051 /* WMPlayer.m */,
			);
			path = WMPlayer;
			sourceTree = "<group>";
		};
		0473A17D1FD8546900F5C051 /* View */ = {
			isa = PBXGroup;
			children = (
				0473A17E1FD8546900F5C051 /* FastForwardView.h */,
				0473A17F1FD8546900F5C051 /* FastForwardView.m */,
				0473A1801FD8546900F5C051 /* FastForwardView.xib */,
				0473A1811FD8546900F5C051 /* WMLightView.h */,
				0473A1821FD8546900F5C051 /* WMLightView.m */,
			);
			path = View;
			sourceTree = "<group>";
		};
		0473A18B1FD8549200F5C051 /* PlayerVC */ = {
			isa = PBXGroup;
			children = (
				0473A18C1FD8549200F5C051 /* PlayerViewController.h */,
				0473A18D1FD8549200F5C051 /* PlayerViewController.m */,
			);
			path = PlayerVC;
			sourceTree = "<group>";
		};
		0473A18F1FD855F000F5C051 /* Masonry */ = {
			isa = PBXGroup;
			children = (
				0473A1901FD855F000F5C051 /* MASCompositeConstraint.h */,
				0473A1911FD855F000F5C051 /* MASCompositeConstraint.m */,
				0473A1921FD855F000F5C051 /* MASConstraint+Private.h */,
				0473A1931FD855F000F5C051 /* MASConstraint.h */,
				0473A1941FD855F000F5C051 /* MASConstraint.m */,
				0473A1951FD855F000F5C051 /* MASConstraintMaker.h */,
				0473A1961FD855F000F5C051 /* MASConstraintMaker.m */,
				0473A1971FD855F000F5C051 /* MASLayoutConstraint.h */,
				0473A1981FD855F000F5C051 /* MASLayoutConstraint.m */,
				0473A1991FD855F000F5C051 /* Masonry.h */,
				0473A19A1FD855F000F5C051 /* MASUtilities.h */,
				0473A19B1FD855F000F5C051 /* MASViewAttribute.h */,
				0473A19C1FD855F000F5C051 /* MASViewAttribute.m */,
				0473A19D1FD855F000F5C051 /* MASViewConstraint.h */,
				0473A19E1FD855F000F5C051 /* MASViewConstraint.m */,
				0473A19F1FD855F000F5C051 /* NSArray+MASAdditions.h */,
				0473A1A01FD855F000F5C051 /* NSArray+MASAdditions.m */,
				0473A1A11FD855F000F5C051 /* NSArray+MASShorthandAdditions.h */,
				0473A1A21FD855F000F5C051 /* NSLayoutConstraint+MASDebugAdditions.h */,
				0473A1A31FD855F000F5C051 /* NSLayoutConstraint+MASDebugAdditions.m */,
				0473A1A41FD855F000F5C051 /* View+MASAdditions.h */,
				0473A1A51FD855F000F5C051 /* View+MASAdditions.m */,
				0473A1A61FD855F000F5C051 /* View+MASShorthandAdditions.h */,
				0473A1A71FD855F000F5C051 /* ViewController+MASAdditions.h */,
				0473A1A81FD855F000F5C051 /* ViewController+MASAdditions.m */,
			);
			path = Masonry;
			sourceTree = "<group>";
		};
		0473A1BB1FD99BB700F5C051 /* ThirdLib */ = {
			isa = PBXGroup;
			children = (
				042519C1207080FA002B3314 /* TYDownloadManager */,
				0473A17C1FD8546900F5C051 /* WMPlayer */,
				0473A18F1FD855F000F5C051 /* Masonry */,
				0473A1BC1FD99BB700F5C051 /* AFNetworking */,
			);
			path = ThirdLib;
			sourceTree = "<group>";
		};
		0473A1BC1FD99BB700F5C051 /* AFNetworking */ = {
			isa = PBXGroup;
			children = (
				0473A1BD1FD99BB700F5C051 /* AFHTTPSessionManager.h */,
				0473A1BE1FD99BB700F5C051 /* AFHTTPSessionManager.m */,
				0473A1BF1FD99BB700F5C051 /* AFNetworking.h */,
				0473A1C01FD99BB700F5C051 /* AFNetworkReachabilityManager.h */,
				0473A1C11FD99BB700F5C051 /* AFNetworkReachabilityManager.m */,
				0473A1C21FD99BB700F5C051 /* AFSecurityPolicy.h */,
				0473A1C31FD99BB700F5C051 /* AFSecurityPolicy.m */,
				0473A1C41FD99BB700F5C051 /* AFURLRequestSerialization.h */,
				0473A1C51FD99BB700F5C051 /* AFURLRequestSerialization.m */,
				0473A1C61FD99BB700F5C051 /* AFURLResponseSerialization.h */,
				0473A1C71FD99BB700F5C051 /* AFURLResponseSerialization.m */,
				0473A1C81FD99BB700F5C051 /* AFURLSessionManager.h */,
				0473A1C91FD99BB700F5C051 /* AFURLSessionManager.m */,
			);
			path = AFNetworking;
			sourceTree = "<group>";
		};
		0473A1D61FD99F2300F5C051 /* Resource */ = {
			isa = PBXGroup;
			children = (
				0473A1D91FD99F9300F5C051 /* Everytime.mp4 */,
				0473A1D71FD99F2300F5C051 /* polyLine.zip */,
			);
			path = Resource;
			sourceTree = "<group>";
		};
		214521031E46C669006D97B4 = {
			isa = PBXGroup;
			children = (
				2145210E1E46C669006D97B4 /* php_ios */,
				214521281E46C66B006D97B4 /* php_iosTests */,
				214521331E46C66B006D97B4 /* php_iosUITests */,
				2145210D1E46C669006D97B4 /* Products */,
			);
			sourceTree = "<group>";
		};
		2145210D1E46C669006D97B4 /* Products */ = {
			isa = PBXGroup;
			children = (
				2145210C1E46C669006D97B4 /* php_ios.app */,
				214521251E46C66B006D97B4 /* php_iosTests.xctest */,
				214521301E46C66B006D97B4 /* php_iosUITests.xctest */,
			);
			name = Products;
			sourceTree = "<group>";
		};
		2145210E1E46C669006D97B4 /* php_ios */ = {
			isa = PBXGroup;
			children = (
				042519D9207081A4002B3314 /* VIews */,
				042519D22070813F002B3314 /* model */,
				0473A1D61FD99F2300F5C051 /* Resource */,
				0473A1BB1FD99BB700F5C051 /* ThirdLib */,
				0473A18B1FD8549200F5C051 /* PlayerVC */,
				214521121E46C669006D97B4 /* AppDelegate.h */,
				214521131E46C669006D97B4 /* AppDelegate.m */,
				043FD9CE200F131800B400CF /* Tools.h */,
				043FD9CF200F131800B400CF /* Tools.m */,
				0473A1DB1FD99FD200F5C051 /* constant.h */,
				0473A1D01FD99C0E00F5C051 /* FTNetAPIClient.h */,
				0473A1D11FD99C0E00F5C051 /* FTNetAPIClient.m */,
				040CC4DB1FFD38CE0085C689 /* MainViewController.h */,
				040CC4DC1FFD38CE0085C689 /* MainViewController.m */,
				0473A1B31FD857BF00F5C051 /* FTWebViewController.h */,
				0473A1B41FD857BF00F5C051 /* FTWebViewController.m */,
				0473A1791FD851AA00F5C051 /* VideoController.h */,
				0473A17A1FD851AA00F5C051 /* VideoController.m */,
				0473A1D31FD99E7600F5C051 /* UploadViewController.h */,
				0473A1D41FD99E7600F5C051 /* UploadViewController.m */,
				04B4CDC11FDED32A00EB3241 /* TestViewController.h */,
				04B4CDC21FDED32A00EB3241 /* TestViewController.m */,
				043FD9D12010F9F000B400CF /* RegisterViewController.h */,
				043FD9D22010F9F000B400CF /* RegisterViewController.m */,
				0466A55B2070993500028E02 /* LocalVideoController.h */,
				0466A55C2070993500028E02 /* LocalVideoController.m */,
				214521181E46C669006D97B4 /* Main.storyboard */,
				2145211B1E46C66B006D97B4 /* Assets.xcassets */,
				2145211D1E46C66B006D97B4 /* LaunchScreen.storyboard */,
				214521201E46C66B006D97B4 /* Info.plist */,
				2145210F1E46C669006D97B4 /* Supporting Files */,
			);
			path = php_ios;
			sourceTree = "<group>";
		};
		2145210F1E46C669006D97B4 /* Supporting Files */ = {
			isa = PBXGroup;
			children = (
				214521101E46C669006D97B4 /* main.m */,
			);
			name = "Supporting Files";
			sourceTree = "<group>";
		};
		214521281E46C66B006D97B4 /* php_iosTests */ = {
			isa = PBXGroup;
			children = (
				214521291E46C66B006D97B4 /* php_iosTests.m */,
				2145212B1E46C66B006D97B4 /* Info.plist */,
			);
			path = php_iosTests;
			sourceTree = "<group>";
		};
		214521331E46C66B006D97B4 /* php_iosUITests */ = {
			isa = PBXGroup;
			children = (
				214521341E46C66B006D97B4 /* php_iosUITests.m */,
				214521361E46C66B006D97B4 /* Info.plist */,
			);
			path = php_iosUITests;
			sourceTree = "<group>";
		};
/* End PBXGroup section */

/* Begin PBXNativeTarget section */
		2145210B1E46C669006D97B4 /* php_ios */ = {
			isa = PBXNativeTarget;
			buildConfigurationList = 214521391E46C66B006D97B4 /* Build configuration list for PBXNativeTarget "php_ios" */;
			buildPhases = (
				214521081E46C669006D97B4 /* Sources */,
				214521091E46C669006D97B4 /* Frameworks */,
				2145210A1E46C669006D97B4 /* Resources */,
			);
			buildRules = (
			);
			dependencies = (
			);
			name = php_ios;
			productName = php_ios;
			productReference = 2145210C1E46C669006D97B4 /* php_ios.app */;
			productType = "com.apple.product-type.application";
		};
		214521241E46C66B006D97B4 /* php_iosTests */ = {
			isa = PBXNativeTarget;
			buildConfigurationList = 2145213C1E46C66B006D97B4 /* Build configuration list for PBXNativeTarget "php_iosTests" */;
			buildPhases = (
				214521211E46C66B006D97B4 /* Sources */,
				214521221E46C66B006D97B4 /* Frameworks */,
				214521231E46C66B006D97B4 /* Resources */,
			);
			buildRules = (
			);
			dependencies = (
				214521271E46C66B006D97B4 /* PBXTargetDependency */,
			);
			name = php_iosTests;
			productName = php_iosTests;
			productReference = 214521251E46C66B006D97B4 /* php_iosTests.xctest */;
			productType = "com.apple.product-type.bundle.unit-test";
		};
		2145212F1E46C66B006D97B4 /* php_iosUITests */ = {
			isa = PBXNativeTarget;
			buildConfigurationList = 2145213F1E46C66B006D97B4 /* Build configuration list for PBXNativeTarget "php_iosUITests" */;
			buildPhases = (
				2145212C1E46C66B006D97B4 /* Sources */,
				2145212D1E46C66B006D97B4 /* Frameworks */,
				2145212E1E46C66B006D97B4 /* Resources */,
			);
			buildRules = (
			);
			dependencies = (
				214521321E46C66B006D97B4 /* PBXTargetDependency */,
			);
			name = php_iosUITests;
			productName = php_iosUITests;
			productReference = 214521301E46C66B006D97B4 /* php_iosUITests.xctest */;
			productType = "com.apple.product-type.bundle.ui-testing";
		};
/* End PBXNativeTarget section */

/* Begin PBXProject section */
		214521041E46C669006D97B4 /* Project object */ = {
			isa = PBXProject;
			attributes = {
				LastUpgradeCheck = 0820;
				ORGANIZATIONNAME = aoni;
				TargetAttributes = {
					2145210B1E46C669006D97B4 = {
						CreatedOnToolsVersion = 8.2.1;
						DevelopmentTeam = 7Y3TV276B8;
						ProvisioningStyle = Automatic;
					};
					214521241E46C66B006D97B4 = {
						CreatedOnToolsVersion = 8.2.1;
						DevelopmentTeam = 7Y3TV276B8;
						ProvisioningStyle = Automatic;
						TestTargetID = 2145210B1E46C669006D97B4;
					};
					2145212F1E46C66B006D97B4 = {
						CreatedOnToolsVersion = 8.2.1;
						DevelopmentTeam = 7Y3TV276B8;
						ProvisioningStyle = Automatic;
						TestTargetID = 2145210B1E46C669006D97B4;
					};
				};
			};
			buildConfigurationList = 214521071E46C669006D97B4 /* Build configuration list for PBXProject "php_ios" */;
			compatibilityVersion = "Xcode 3.2";
			developmentRegion = English;
			hasScannedForEncodings = 0;
			knownRegions = (
				en,
				Base,
			);
			mainGroup = 214521031E46C669006D97B4;
			productRefGroup = 2145210D1E46C669006D97B4 /* Products */;
			projectDirPath = "";
			projectRoot = "";
			targets = (
				2145210B1E46C669006D97B4 /* php_ios */,
				214521241E46C66B006D97B4 /* php_iosTests */,
				2145212F1E46C66B006D97B4 /* php_iosUITests */,
			);
		};
/* End PBXProject section */

/* Begin PBXResourcesBuildPhase section */
		2145210A1E46C669006D97B4 /* Resources */ = {
			isa = PBXResourcesBuildPhase;
			buildActionMask = 2147483647;
			files = (
				2145211F1E46C66B006D97B4 /* LaunchScreen.storyboard in Resources */,
				2145211C1E46C66B006D97B4 /* Assets.xcassets in Resources */,
				0473A1871FD8546A00F5C051 /* FastForwardView.xib in Resources */,
				0473A1DA1FD99F9300F5C051 /* Everytime.mp4 in Resources */,
				0473A1891FD8546A00F5C051 /* WMPlayer.bundle in Resources */,
				2145211A1E46C669006D97B4 /* Main.storyboard in Resources */,
				0473A1D81FD99F2400F5C051 /* polyLine.zip in Resources */,
			);
			runOnlyForDeploymentPostprocessing = 0;
		};
		214521231E46C66B006D97B4 /* Resources */ = {
			isa = PBXResourcesBuildPhase;
			buildActionMask = 2147483647;
			files = (
			);
			runOnlyForDeploymentPostprocessing = 0;
		};
		2145212E1E46C66B006D97B4 /* Resources */ = {
			isa = PBXResourcesBuildPhase;
			buildActionMask = 2147483647;
			files = (
			);
			runOnlyForDeploymentPostprocessing = 0;
		};
/* End PBXResourcesBuildPhase section */

/* Begin PBXSourcesBuildPhase section */
		214521081E46C669006D97B4 /* Sources */ = {
			isa = PBXSourcesBuildPhase;
			buildActionMask = 2147483647;
			files = (
				0473A1D51FD99E7600F5C051 /* UploadViewController.m in Sources */,
				0473A1CF1FD99BB800F5C051 /* AFURLSessionManager.m in Sources */,
				043FD9D0200F131800B400CF /* Tools.m in Sources */,
				04B4CDC31FDED32A00EB3241 /* TestViewController.m in Sources */,
				214521141E46C669006D97B4 /* AppDelegate.m in Sources */,
				042519CD207080FA002B3314 /* NSURLSession+TYCorrectedResumeData.m in Sources */,
				0473A1AF1FD855F000F5C051 /* NSArray+MASAdditions.m in Sources */,
				042519D1207080FA002B3314 /* TYDownloadUtility.m in Sources */,
				214521111E46C669006D97B4 /* main.m in Sources */,
				0473A18A1FD8546A00F5C051 /* WMPlayer.m in Sources */,
				0473A1B11FD855F000F5C051 /* View+MASAdditions.m in Sources */,
				0473A1AC1FD855F000F5C051 /* MASLayoutConstraint.m in Sources */,
				042519CF207080FA002B3314 /* TYDownLoadModel.m in Sources */,
				0473A1CA1FD99BB800F5C051 /* AFHTTPSessionManager.m in Sources */,
				042519CE207080FA002B3314 /* TYDownLoadDataManager.m in Sources */,
				0473A1AA1FD855F000F5C051 /* MASConstraint.m in Sources */,
				0473A1B01FD855F000F5C051 /* NSLayoutConstraint+MASDebugAdditions.m in Sources */,
				0473A1CB1FD99BB800F5C051 /* AFNetworkReachabilityManager.m in Sources */,
				040CC4DD1FFD38CE0085C689 /* MainViewController.m in Sources */,
				0466A55D2070993500028E02 /* LocalVideoController.m in Sources */,
				0473A1A91FD855F000F5C051 /* MASCompositeConstraint.m in Sources */,
				0473A1881FD8546A00F5C051 /* WMLightView.m in Sources */,
				0473A1B51FD857BF00F5C051 /* FTWebViewController.m in Sources */,
				042519DC207081CC002B3314 /* VideoCell.m in Sources */,
				0473A1D21FD99C0F00F5C051 /* FTNetAPIClient.m in Sources */,
				042519D820708186002B3314 /* VideoModel.m in Sources */,
				0473A18E1FD8549200F5C051 /* PlayerViewController.m in Sources */,
				0473A17B1FD851AA00F5C051 /* VideoController.m in Sources */,
				0473A1AB1FD855F000F5C051 /* MASConstraintMaker.m in Sources */,
				0473A1B21FD855F000F5C051 /* ViewController+MASAdditions.m in Sources */,
				0473A1AE1FD855F000F5C051 /* MASViewConstraint.m in Sources */,
				042519D0207080FA002B3314 /* TYDownloadSessionManager.m in Sources */,
				0473A1861FD8546A00F5C051 /* FastForwardView.m in Sources */,
				043FD9D32010F9F000B400CF /* RegisterViewController.m in Sources */,
				0473A1CD1FD99BB800F5C051 /* AFURLRequestSerialization.m in Sources */,
				0473A1CC1FD99BB800F5C051 /* AFSecurityPolicy.m in Sources */,
				0473A1CE1FD99BB800F5C051 /* AFURLResponseSerialization.m in Sources */,
				0473A1AD1FD855F000F5C051 /* MASViewAttribute.m in Sources */,
			);
			runOnlyForDeploymentPostprocessing = 0;
		};
		214521211E46C66B006D97B4 /* Sources */ = {
			isa = PBXSourcesBuildPhase;
			buildActionMask = 2147483647;
			files = (
				2145212A1E46C66B006D97B4 /* php_iosTests.m in Sources */,
			);
			runOnlyForDeploymentPostprocessing = 0;
		};
		2145212C1E46C66B006D97B4 /* Sources */ = {
			isa = PBXSourcesBuildPhase;
			buildActionMask = 2147483647;
			files = (
				214521351E46C66B006D97B4 /* php_iosUITests.m in Sources */,
			);
			runOnlyForDeploymentPostprocessing = 0;
		};
/* End PBXSourcesBuildPhase section */

/* Begin PBXTargetDependency section */
		214521271E46C66B006D97B4 /* PBXTargetDependency */ = {
			isa = PBXTargetDependency;
			target = 2145210B1E46C669006D97B4 /* php_ios */;
			targetProxy = 214521261E46C66B006D97B4 /* PBXContainerItemProxy */;
		};
		214521321E46C66B006D97B4 /* PBXTargetDependency */ = {
			isa = PBXTargetDependency;
			target = 2145210B1E46C669006D97B4 /* php_ios */;
			targetProxy = 214521311E46C66B006D97B4 /* PBXContainerItemProxy */;
		};
/* End PBXTargetDependency section */

/* Begin PBXVariantGroup section */
		214521181E46C669006D97B4 /* Main.storyboard */ = {
			isa = PBXVariantGroup;
			children = (
				214521191E46C669006D97B4 /* Base */,
			);
			name = Main.storyboard;
			sourceTree = "<group>";
		};
		2145211D1E46C66B006D97B4 /* LaunchScreen.storyboard */ = {
			isa = PBXVariantGroup;
			children = (
				2145211E1E46C66B006D97B4 /* Base */,
			);
			name = LaunchScreen.storyboard;
			sourceTree = "<group>";
		};
/* End PBXVariantGroup section */

/* Begin XCBuildConfiguration section */
		214521371E46C66B006D97B4 /* Debug */ = {
			isa = XCBuildConfiguration;
			buildSettings = {
				ALWAYS_SEARCH_USER_PATHS = NO;
				CLANG_ANALYZER_NONNULL = YES;
				CLANG_CXX_LANGUAGE_STANDARD = "gnu++0x";
				CLANG_CXX_LIBRARY = "libc++";
				CLANG_ENABLE_MODULES = YES;
				CLANG_ENABLE_OBJC_ARC = YES;
				CLANG_WARN_BOOL_CONVERSION = YES;
				CLANG_WARN_CONSTANT_CONVERSION = YES;
				CLANG_WARN_DIRECT_OBJC_ISA_USAGE = YES_ERROR;
				CLANG_WARN_DOCUMENTATION_COMMENTS = YES;
				CLANG_WARN_EMPTY_BODY = YES;
				CLANG_WARN_ENUM_CONVERSION = YES;
				CLANG_WARN_INFINITE_RECURSION = YES;
				CLANG_WARN_INT_CONVERSION = YES;
				CLANG_WARN_OBJC_ROOT_CLASS = YES_ERROR;
				CLANG_WARN_SUSPICIOUS_MOVE = YES;
				CLANG_WARN_UNREACHABLE_CODE = YES;
				CLANG_WARN__DUPLICATE_METHOD_MATCH = YES;
				"CODE_SIGN_IDENTITY[sdk=iphoneos*]" = "iPhone Developer";
				COPY_PHASE_STRIP = NO;
				DEBUG_INFORMATION_FORMAT = dwarf;
				ENABLE_STRICT_OBJC_MSGSEND = YES;
				ENABLE_TESTABILITY = YES;
				GCC_C_LANGUAGE_STANDARD = gnu99;
				GCC_DYNAMIC_NO_PIC = NO;
				GCC_NO_COMMON_BLOCKS = YES;
				GCC_OPTIMIZATION_LEVEL = 0;
				GCC_PREPROCESSOR_DEFINITIONS = (
					"DEBUG=1",
					"$(inherited)",
				);
				GCC_WARN_64_TO_32_BIT_CONVERSION = YES;
				GCC_WARN_ABOUT_RETURN_TYPE = YES_ERROR;
				GCC_WARN_UNDECLARED_SELECTOR = YES;
				GCC_WARN_UNINITIALIZED_AUTOS = YES_AGGRESSIVE;
				GCC_WARN_UNUSED_FUNCTION = YES;
				GCC_WARN_UNUSED_VARIABLE = YES;
				IPHONEOS_DEPLOYMENT_TARGET = 10.2;
				MTL_ENABLE_DEBUG_INFO = YES;
				ONLY_ACTIVE_ARCH = YES;
				SDKROOT = iphoneos;
				TARGETED_DEVICE_FAMILY = "1,2";
			};
			name = Debug;
		};
		214521381E46C66B006D97B4 /* Release */ = {
			isa = XCBuildConfiguration;
			buildSettings = {
				ALWAYS_SEARCH_USER_PATHS = NO;
				CLANG_ANALYZER_NONNULL = YES;
				CLANG_CXX_LANGUAGE_STANDARD = "gnu++0x";
				CLANG_CXX_LIBRARY = "libc++";
				CLANG_ENABLE_MODULES = YES;
				CLANG_ENABLE_OBJC_ARC = YES;
				CLANG_WARN_BOOL_CONVERSION = YES;
				CLANG_WARN_CONSTANT_CONVERSION = YES;
				CLANG_WARN_DIRECT_OBJC_ISA_USAGE = YES_ERROR;
				CLANG_WARN_DOCUMENTATION_COMMENTS = YES;
				CLANG_WARN_EMPTY_BODY = YES;
				CLANG_WARN_ENUM_CONVERSION = YES;
				CLANG_WARN_INFINITE_RECURSION = YES;
				CLANG_WARN_INT_CONVERSION = YES;
				CLANG_WARN_OBJC_ROOT_CLASS = YES_ERROR;
				CLANG_WARN_SUSPICIOUS_MOVE = YES;
				CLANG_WARN_UNREACHABLE_CODE = YES;
				CLANG_WARN__DUPLICATE_METHOD_MATCH = YES;
				"CODE_SIGN_IDENTITY[sdk=iphoneos*]" = "iPhone Developer";
				COPY_PHASE_STRIP = NO;
				DEBUG_INFORMATION_FORMAT = "dwarf-with-dsym";
				ENABLE_NS_ASSERTIONS = NO;
				ENABLE_STRICT_OBJC_MSGSEND = YES;
				GCC_C_LANGUAGE_STANDARD = gnu99;
				GCC_NO_COMMON_BLOCKS = YES;
				GCC_WARN_64_TO_32_BIT_CONVERSION = YES;
				GCC_WARN_ABOUT_RETURN_TYPE = YES_ERROR;
				GCC_WARN_UNDECLARED_SELECTOR = YES;
				GCC_WARN_UNINITIALIZED_AUTOS = YES_AGGRESSIVE;
				GCC_WARN_UNUSED_FUNCTION = YES;
				GCC_WARN_UNUSED_VARIABLE = YES;
				IPHONEOS_DEPLOYMENT_TARGET = 10.2;
				MTL_ENABLE_DEBUG_INFO = NO;
				SDKROOT = iphoneos;
				TARGETED_DEVICE_FAMILY = "1,2";
				VALIDATE_PRODUCT = YES;
			};
			name = Release;
		};
		2145213A1E46C66B006D97B4 /* Debug */ = {
			isa = XCBuildConfiguration;
			buildSettings = {
				ASSETCATALOG_COMPILER_APPICON_NAME = AppIcon;
				DEVELOPMENT_TEAM = 7Y3TV276B8;
				INFOPLIST_FILE = php_ios/Info.plist;
				IPHONEOS_DEPLOYMENT_TARGET = 10.0;
				LD_RUNPATH_SEARCH_PATHS = "$(inherited) @executable_path/Frameworks";
				PRODUCT_BUNDLE_IDENTIFIER = "com.cft.php-ios";
				PRODUCT_NAME = "$(TARGET_NAME)";
			};
			name = Debug;
		};
		2145213B1E46C66B006D97B4 /* Release */ = {
			isa = XCBuildConfiguration;
			buildSettings = {
				ASSETCATALOG_COMPILER_APPICON_NAME = AppIcon;
				DEVELOPMENT_TEAM = 7Y3TV276B8;
				INFOPLIST_FILE = php_ios/Info.plist;
				IPHONEOS_DEPLOYMENT_TARGET = 10.0;
				LD_RUNPATH_SEARCH_PATHS = "$(inherited) @executable_path/Frameworks";
				PRODUCT_BUNDLE_IDENTIFIER = "com.cft.php-ios";
				PRODUCT_NAME = "$(TARGET_NAME)";
			};
			name = Release;
		};
		2145213D1E46C66B006D97B4 /* Debug */ = {
			isa = XCBuildConfiguration;
			buildSettings = {
				BUNDLE_LOADER = "$(TEST_HOST)";
				DEVELOPMENT_TEAM = 7Y3TV276B8;
				INFOPLIST_FILE = php_iosTests/Info.plist;
				LD_RUNPATH_SEARCH_PATHS = "$(inherited) @executable_path/Frameworks @loader_path/Frameworks";
				PRODUCT_BUNDLE_IDENTIFIER = "com.cft.php-iosTests";
				PRODUCT_NAME = "$(TARGET_NAME)";
				TEST_HOST = "$(BUILT_PRODUCTS_DIR)/php_ios.app/php_ios";
			};
			name = Debug;
		};
		2145213E1E46C66B006D97B4 /* Release */ = {
			isa = XCBuildConfiguration;
			buildSettings = {
				BUNDLE_LOADER = "$(TEST_HOST)";
				DEVELOPMENT_TEAM = 7Y3TV276B8;
				INFOPLIST_FILE = php_iosTests/Info.plist;
				LD_RUNPATH_SEARCH_PATHS = "$(inherited) @executable_path/Frameworks @loader_path/Frameworks";
				PRODUCT_BUNDLE_IDENTIFIER = "com.cft.php-iosTests";
				PRODUCT_NAME = "$(TARGET_NAME)";
				TEST_HOST = "$(BUILT_PRODUCTS_DIR)/php_ios.app/php_ios";
			};
			name = Release;
		};
		214521401E46C66B006D97B4 /* Debug */ = {
			isa = XCBuildConfiguration;
			buildSettings = {
				DEVELOPMENT_TEAM = 7Y3TV276B8;
				INFOPLIST_FILE = php_iosUITests/Info.plist;
				LD_RUNPATH_SEARCH_PATHS = "$(inherited) @executable_path/Frameworks @loader_path/Frameworks";
				PRODUCT_BUNDLE_IDENTIFIER = "com.cft.php-iosUITests";
				PRODUCT_NAME = "$(TARGET_NAME)";
				TEST_TARGET_NAME = php_ios;
			};
			name = Debug;
		};
		214521411E46C66B006D97B4 /* Release */ = {
			isa = XCBuildConfiguration;
			buildSettings = {
				DEVELOPMENT_TEAM = 7Y3TV276B8;
				INFOPLIST_FILE = php_iosUITests/Info.plist;
				LD_RUNPATH_SEARCH_PATHS = "$(inherited) @executable_path/Frameworks @loader_path/Frameworks";
				PRODUCT_BUNDLE_IDENTIFIER = "com.cft.php-iosUITests";
				PRODUCT_NAME = "$(TARGET_NAME)";
				TEST_TARGET_NAME = php_ios;
			};
			name = Release;
		};
/* End XCBuildConfiguration section */

/* Begin XCConfigurationList section */
		214521071E46C669006D97B4 /* Build configuration list for PBXProject "php_ios" */ = {
			isa = XCConfigurationList;
			buildConfigurations = (
				214521371E46C66B006D97B4 /* Debug */,
				214521381E46C66B006D97B4 /* Release */,
			);
			defaultConfigurationIsVisible = 0;
			defaultConfigurationName = Release;
		};
		214521391E46C66B006D97B4 /* Build configuration list for PBXNativeTarget "php_ios" */ = {
			isa = XCConfigurationList;
			buildConfigurations = (
				2145213A1E46C66B006D97B4 /* Debug */,
				2145213B1E46C66B006D97B4 /* Release */,
			);
			defaultConfigurationIsVisible = 0;
			defaultConfigurationName = Release;
		};
		2145213C1E46C66B006D97B4 /* Build configuration list for PBXNativeTarget "php_iosTests" */ = {
			isa = XCConfigurationList;
			buildConfigurations = (
				2145213D1E46C66B006D97B4 /* Debug */,
				2145213E1E46C66B006D97B4 /* Release */,
			);
			defaultConfigurationIsVisible = 0;
			defaultConfigurationName = Release;
		};
		2145213F1E46C66B006D97B4 /* Build configuration list for PBXNativeTarget "php_iosUITests" */ = {
			isa = XCConfigurationList;
			buildConfigurations = (
				214521401E46C66B006D97B4 /* Debug */,
				214521411E46C66B006D97B4 /* Release */,
			);
			defaultConfigurationIsVisible = 0;
			defaultConfigurationName = Release;
		};
/* End XCConfigurationList section */
	};
	rootObject = 214521041E46C669006D97B4 /* Project object */;
}
